// !$*UTF8*$!
{
	archiveVersion = 1;
	classes = {
	};
	objectVersion = 50;
	objects = {

/* Begin PBXBuildFile section */
		9D67808515BCECDEEAF2EA49 /* Pods_PicNotes.framework in Frameworks */ = {isa = PBXBuildFile; fileRef = BAB2AB72D6DB625C6FF932DE /* Pods_PicNotes.framework */; };
		D40EC49120FE187100572C67 /* PreviewController.swift in Sources */ = {isa = PBXBuildFile; fileRef = D40EC49020FE187100572C67 /* PreviewController.swift */; };
		D41BDB4E2105E4BB00EB9FC1 /* AudioCaptureService.swift in Sources */ = {isa = PBXBuildFile; fileRef = D41BDB4D2105E4BB00EB9FC1 /* AudioCaptureService.swift */; };
		D436AFD320FD412B0034DA67 /* Extensions.swift in Sources */ = {isa = PBXBuildFile; fileRef = D436AFD220FD412B0034DA67 /* Extensions.swift */; };
		D466C96820FD3AB200068197 /* AppDelegate.swift in Sources */ = {isa = PBXBuildFile; fileRef = D466C96720FD3AB200068197 /* AppDelegate.swift */; };
		D466C96A20FD3AB200068197 /* CameraViewController.swift in Sources */ = {isa = PBXBuildFile; fileRef = D466C96920FD3AB200068197 /* CameraViewController.swift */; };
		D466C96D20FD3AB200068197 /* Main.storyboard in Resources */ = {isa = PBXBuildFile; fileRef = D466C96B20FD3AB200068197 /* Main.storyboard */; };
		D466C96F20FD3AB200068197 /* Assets.xcassets in Resources */ = {isa = PBXBuildFile; fileRef = D466C96E20FD3AB200068197 /* Assets.xcassets */; };
		D466C97220FD3AB200068197 /* LaunchScreen.storyboard in Resources */ = {isa = PBXBuildFile; fileRef = D466C97020FD3AB200068197 /* LaunchScreen.storyboard */; };
/* End PBXBuildFile section */

/* Begin PBXFileReference section */
		83E2646A35378D3A756535E1 /* Pods-PicNotes.release.xcconfig */ = {isa = PBXFileReference; includeInIndex = 1; lastKnownFileType = text.xcconfig; name = "Pods-PicNotes.release.xcconfig"; path = "Pods/Target Support Files/Pods-PicNotes/Pods-PicNotes.release.xcconfig"; sourceTree = "<group>"; };
		BAB2AB72D6DB625C6FF932DE /* Pods_PicNotes.framework */ = {isa = PBXFileReference; explicitFileType = wrapper.framework; includeInIndex = 0; path = Pods_PicNotes.framework; sourceTree = BUILT_PRODUCTS_DIR; };
		C47302B9B3E5EAD9FBEEA74A /* Pods-PicNotes.debug.xcconfig */ = {isa = PBXFileReference; includeInIndex = 1; lastKnownFileType = text.xcconfig; name = "Pods-PicNotes.debug.xcconfig"; path = "Pods/Target Support Files/Pods-PicNotes/Pods-PicNotes.debug.xcconfig"; sourceTree = "<group>"; };
		D40EC49020FE187100572C67 /* PreviewController.swift */ = {isa = PBXFileReference; lastKnownFileType = sourcecode.swift; path = PreviewController.swift; sourceTree = "<group>"; };
		D41BDB4D2105E4BB00EB9FC1 /* AudioCaptureService.swift */ = {isa = PBXFileReference; lastKnownFileType = sourcecode.swift; path = AudioCaptureService.swift; sourceTree = "<group>"; };
		D436AFD220FD412B0034DA67 /* Extensions.swift */ = {isa = PBXFileReference; lastKnownFileType = sourcecode.swift; path = Extensions.swift; sourceTree = "<group>"; };
		D466C96420FD3AB100068197 /* PicNotes.app */ = {isa = PBXFileReference; explicitFileType = wrapper.application; includeInIndex = 0; path = PicNotes.app; sourceTree = BUILT_PRODUCTS_DIR; };
		D466C96720FD3AB200068197 /* AppDelegate.swift */ = {isa = PBXFileReference; lastKnownFileType = sourcecode.swift; path = AppDelegate.swift; sourceTree = "<group>"; };
		D466C96920FD3AB200068197 /* CameraViewController.swift */ = {isa = PBXFileReference; lastKnownFileType = sourcecode.swift; path = CameraViewController.swift; sourceTree = "<group>"; };
		D466C96C20FD3AB200068197 /* Base */ = {isa = PBXFileReference; lastKnownFileType = file.storyboard; name = Base; path = Base.lproj/Main.storyboard; sourceTree = "<group>"; };
		D466C96E20FD3AB200068197 /* Assets.xcassets */ = {isa = PBXFileReference; lastKnownFileType = folder.assetcatalog; path = Assets.xcassets; sourceTree = "<group>"; };
		D466C97120FD3AB200068197 /* Base */ = {isa = PBXFileReference; lastKnownFileType = file.storyboard; name = Base; path = Base.lproj/LaunchScreen.storyboard; sourceTree = "<group>"; };
		D466C97320FD3AB200068197 /* Info.plist */ = {isa = PBXFileReference; lastKnownFileType = text.plist.xml; path = Info.plist; sourceTree = "<group>"; };
/* End PBXFileReference section */

/* Begin PBXFrameworksBuildPhase section */
		D466C96120FD3AB100068197 /* Frameworks */ = {
			isa = PBXFrameworksBuildPhase;
			buildActionMask = 2147483647;
			files = (
				9D67808515BCECDEEAF2EA49 /* Pods_PicNotes.framework in Frameworks */,
			);
			runOnlyForDeploymentPostprocessing = 0;
		};
/* End PBXFrameworksBuildPhase section */

/* Begin PBXGroup section */
		8E00DBA4928E5E60700F3F1C /* Pods */ = {
			isa = PBXGroup;
			children = (
				C47302B9B3E5EAD9FBEEA74A /* Pods-PicNotes.debug.xcconfig */,
				83E2646A35378D3A756535E1 /* Pods-PicNotes.release.xcconfig */,
			);
			name = Pods;
			sourceTree = "<group>";
		};
		D436AFD620FD491B0034DA67 /* Utils */ = {
			isa = PBXGroup;
			children = (
				D436AFD220FD412B0034DA67 /* Extensions.swift */,
			);
			path = Utils;
			sourceTree = "<group>";
		};
		D466C95B20FD3AB100068197 = {
			isa = PBXGroup;
			children = (
				D466C96620FD3AB100068197 /* PicNotes */,
				D466C96520FD3AB100068197 /* Products */,
				8E00DBA4928E5E60700F3F1C /* Pods */,
				DC7E6ADEDC6B712467202291 /* Frameworks */,
			);
			sourceTree = "<group>";
		};
		D466C96520FD3AB100068197 /* Products */ = {
			isa = PBXGroup;
			children = (
				D466C96420FD3AB100068197 /* PicNotes.app */,
			);
			name = Products;
			sourceTree = "<group>";
		};
		D466C96620FD3AB100068197 /* PicNotes */ = {
			isa = PBXGroup;
			children = (
				D466C96720FD3AB200068197 /* AppDelegate.swift */,
				D41BDB4D2105E4BB00EB9FC1 /* AudioCaptureService.swift */,
				D466C96920FD3AB200068197 /* CameraViewController.swift */,
				D40EC49020FE187100572C67 /* PreviewController.swift */,
				D436AFD620FD491B0034DA67 /* Utils */,
				D466C96E20FD3AB200068197 /* Assets.xcassets */,
				D466C97020FD3AB200068197 /* LaunchScreen.storyboard */,
				D466C96B20FD3AB200068197 /* Main.storyboard */,
				D466C97320FD3AB200068197 /* Info.plist */,
			);
			path = PicNotes;
			sourceTree = "<group>";
		};
		DC7E6ADEDC6B712467202291 /* Frameworks */ = {
			isa = PBXGroup;
			children = (
				BAB2AB72D6DB625C6FF932DE /* Pods_PicNotes.framework */,
			);
			name = Frameworks;
			sourceTree = "<group>";
		};
/* End PBXGroup section */

/* Begin PBXNativeTarget section */
		D466C96320FD3AB100068197 /* PicNotes */ = {
			isa = PBXNativeTarget;
			buildConfigurationList = D466C97620FD3AB200068197 /* Build configuration list for PBXNativeTarget "PicNotes" */;
			buildPhases = (
				6B71631B3BDFC88E01E8A285 /* [CP] Check Pods Manifest.lock */,
				D466C96020FD3AB100068197 /* Sources */,
				D466C96120FD3AB100068197 /* Frameworks */,
				D466C96220FD3AB100068197 /* Resources */,
				51BC49FA481C50E2323AF07D /* [CP] Embed Pods Frameworks */,
			);
			buildRules = (
			);
			dependencies = (
			);
			name = PicNotes;
			productName = PicNotes;
			productReference = D466C96420FD3AB100068197 /* PicNotes.app */;
			productType = "com.apple.product-type.application";
		};
/* End PBXNativeTarget section */

/* Begin PBXProject section */
		D466C95C20FD3AB100068197 /* Project object */ = {
			isa = PBXProject;
			attributes = {
				LastSwiftUpdateCheck = 0940;
				LastUpgradeCheck = 0940;
				ORGANIZATIONNAME = Escher;
				TargetAttributes = {
					D466C96320FD3AB100068197 = {
						CreatedOnToolsVersion = 9.4.1;
					};
				};
			};
			buildConfigurationList = D466C95F20FD3AB100068197 /* Build configuration list for PBXProject "PicNotes" */;
			compatibilityVersion = "Xcode 9.3";
			developmentRegion = en;
			hasScannedForEncodings = 0;
			knownRegions = (
				en,
				Base,
			);
			mainGroup = D466C95B20FD3AB100068197;
			productRefGroup = D466C96520FD3AB100068197 /* Products */;
			projectDirPath = "";
			projectRoot = "";
			targets = (
				D466C96320FD3AB100068197 /* PicNotes */,
			);
		};
/* End PBXProject section */

/* Begin PBXResourcesBuildPhase section */
		D466C96220FD3AB100068197 /* Resources */ = {
			isa = PBXResourcesBuildPhase;
			buildActionMask = 2147483647;
			files = (
				D466C97220FD3AB200068197 /* LaunchScreen.storyboard in Resources */,
				D466C96F20FD3AB200068197 /* Assets.xcassets in Resources */,
				D466C96D20FD3AB200068197 /* Main.storyboard in Resources */,
			);
			runOnlyForDeploymentPostprocessing = 0;
		};
/* End PBXResourcesBuildPhase section */

/* Begin PBXShellScriptBuildPhase section */
		51BC49FA481C50E2323AF07D /* [CP] Embed Pods Frameworks */ = {
			isa = PBXShellScriptBuildPhase;
			buildActionMask = 2147483647;
			files = (
			);
			inputPaths = (
				"${SRCROOT}/Pods/Target Support Files/Pods-PicNotes/Pods-PicNotes-frameworks.sh",
				"${BUILT_PRODUCTS_DIR}/Hero/Hero.framework",
				"${BUILT_PRODUCTS_DIR}/IQKeyboardManagerSwift/IQKeyboardManagerSwift.framework",
				"${BUILT_PRODUCTS_DIR}/Motion/Motion.framework",
				"${BUILT_PRODUCTS_DIR}/Realm/Realm.framework",
				"${BUILT_PRODUCTS_DIR}/RealmSwift/RealmSwift.framework",
			);
			name = "[CP] Embed Pods Frameworks";
			outputPaths = (
				"${TARGET_BUILD_DIR}/${FRAMEWORKS_FOLDER_PATH}/Hero.framework",
				"${TARGET_BUILD_DIR}/${FRAMEWORKS_FOLDER_PATH}/IQKeyboardManagerSwift.framework",
				"${TARGET_BUILD_DIR}/${FRAMEWORKS_FOLDER_PATH}/Motion.framework",
				"${TARGET_BUILD_DIR}/${FRAMEWORKS_FOLDER_PATH}/Realm.framework",
				"${TARGET_BUILD_DIR}/${FRAMEWORKS_FOLDER_PATH}/RealmSwift.framework",
			);
			runOnlyForDeploymentPostprocessing = 0;
			shellPath = /bin/sh;
			shellScript = "\"${SRCROOT}/Pods/Target Support Files/Pods-PicNotes/Pods-PicNotes-frameworks.sh\"\n";
			showEnvVarsInLog = 0;
		};
		6B71631B3BDFC88E01E8A285 /* [CP] Check Pods Manifest.lock */ = {
			isa = PBXShellScriptBuildPhase;
			buildActionMask = 2147483647;
			files = (
			);
			inputPaths = (
				"${PODS_PODFILE_DIR_PATH}/Podfile.lock",
				"${PODS_ROOT}/Manifest.lock",
			);
			name = "[CP] Check Pods Manifest.lock";
			outputPaths = (
				"$(DERIVED_FILE_DIR)/Pods-PicNotes-checkManifestLockResult.txt",
			);
			runOnlyForDeploymentPostprocessing = 0;
			shellPath = /bin/sh;
			shellScript = "diff \"${PODS_PODFILE_DIR_PATH}/Podfile.lock\" \"${PODS_ROOT}/Manifest.lock\" > /dev/null\nif [ $? != 0 ] ; then\n    # print error to STDERR\n    echo \"error: The sandbox is not in sync with the Podfile.lock. Run 'pod install' or update your CocoaPods installation.\" >&2\n    exit 1\nfi\n# This output is used by Xcode 'outputs' to avoid re-running this script phase.\necho \"SUCCESS\" > \"${SCRIPT_OUTPUT_FILE_0}\"\n";
			showEnvVarsInLog = 0;
		};
/* End PBXShellScriptBuildPhase section */

/* Begin PBXSourcesBuildPhase section */
		D466C96020FD3AB100068197 /* Sources */ = {
			isa = PBXSourcesBuildPhase;
			buildActionMask = 2147483647;
			files = (
				D40EC49120FE187100572C67 /* PreviewController.swift in Sources */,
				D466C96A20FD3AB200068197 /* CameraViewController.swift in Sources */,
				D436AFD320FD412B0034DA67 /* Extensions.swift in Sources */,
				D41BDB4E2105E4BB00EB9FC1 /* AudioCaptureService.swift in Sources */,
				D466C96820FD3AB200068197 /* AppDelegate.swift in Sources */,
			);
			runOnlyForDeploymentPostprocessing = 0;
		};
/* End PBXSourcesBuildPhase section */

/* Begin PBXVariantGroup section */
		D466C96B20FD3AB200068197 /* Main.storyboard */ = {
			isa = PBXVariantGroup;
			children = (
				D466C96C20FD3AB200068197 /* Base */,
			);
			name = Main.storyboard;
			sourceTree = "<group>";
		};
		D466C97020FD3AB200068197 /* LaunchScreen.storyboard */ = {
			isa = PBXVariantGroup;
			children = (
				D466C97120FD3AB200068197 /* Base */,
			);
			name = LaunchScreen.storyboard;
			sourceTree = "<group>";
		};
/* End PBXVariantGroup section */

/* Begin XCBuildConfiguration section */
		D466C97420FD3AB200068197 /* Debug */ = {
			isa = XCBuildConfiguration;
			buildSettings = {
				ALWAYS_SEARCH_USER_PATHS = NO;
				CLANG_ANALYZER_NONNULL = YES;
				CLANG_ANALYZER_NUMBER_OBJECT_CONVERSION = YES_AGGRESSIVE;
				CLANG_CXX_LANGUAGE_STANDARD = "gnu++14";
				CLANG_CXX_LIBRARY = "libc++";
				CLANG_ENABLE_MODULES = YES;
				CLANG_ENABLE_OBJC_ARC = YES;
				CLANG_ENABLE_OBJC_WEAK = YES;
				CLANG_WARN_BLOCK_CAPTURE_AUTORELEASING = YES;
				CLANG_WARN_BOOL_CONVERSION = YES;
				CLANG_WARN_COMMA = YES;
				CLANG_WARN_CONSTANT_CONVERSION = YES;
				CLANG_WARN_DEPRECATED_OBJC_IMPLEMENTATIONS = YES;
				CLANG_WARN_DIRECT_OBJC_ISA_USAGE = YES_ERROR;
				CLANG_WARN_DOCUMENTATION_COMMENTS = YES;
				CLANG_WARN_EMPTY_BODY = YES;
				CLANG_WARN_ENUM_CONVERSION = YES;
				CLANG_WARN_INFINITE_RECURSION = YES;
				CLANG_WARN_INT_CONVERSION = YES;
				CLANG_WARN_NON_LITERAL_NULL_CONVERSION = YES;
				CLANG_WARN_OBJC_IMPLICIT_RETAIN_SELF = YES;
				CLANG_WARN_OBJC_LITERAL_CONVERSION = YES;
				CLANG_WARN_OBJC_ROOT_CLASS = YES_ERROR;
				CLANG_WARN_RANGE_LOOP_ANALYSIS = YES;
				CLANG_WARN_STRICT_PROTOTYPES = YES;
				CLANG_WARN_SUSPICIOUS_MOVE = YES;
				CLANG_WARN_UNGUARDED_AVAILABILITY = YES_AGGRESSIVE;
				CLANG_WARN_UNREACHABLE_CODE = YES;
				CLANG_WARN__DUPLICATE_METHOD_MATCH = YES;
				CODE_SIGN_IDENTITY = "iPhone Developer";
				COPY_PHASE_STRIP = NO;
				DEBUG_INFORMATION_FORMAT = dwarf;
				ENABLE_STRICT_OBJC_MSGSEND = YES;
				ENABLE_TESTABILITY = YES;
				GCC_C_LANGUAGE_STANDARD = gnu11;
				GCC_DYNAMIC_NO_PIC = NO;
				GCC_NO_COMMON_BLOCKS = YES;
				GCC_OPTIMIZATION_LEVEL = 0;
				GCC_PREPROCESSOR_DEFINITIONS = (
					"DEBUG=1",
					"$(inherited)",
				);
				GCC_WARN_64_TO_32_BIT_CONVERSION = YES;
				GCC_WARN_ABOUT_RETURN_TYPE = YES_ERROR;
				GCC_WARN_UNDECLARED_SELECTOR = YES;
				GCC_WARN_UNINITIALIZED_AUTOS = YES_AGGRESSIVE;
				GCC_WARN_UNUSED_FUNCTION = YES;
				GCC_WARN_UNUSED_VARIABLE = YES;
				IPHONEOS_DEPLOYMENT_TARGET = 11.4;
				MTL_ENABLE_DEBUG_INFO = YES;
				ONLY_ACTIVE_ARCH = YES;
				SDKROOT = iphoneos;
				SWIFT_ACTIVE_COMPILATION_CONDITIONS = DEBUG;
				SWIFT_OPTIMIZATION_LEVEL = "-Onone";
			};
			name = Debug;
		};
		D466C97520FD3AB200068197 /* Release */ = {
			isa = XCBuildConfiguration;
			buildSettings = {
				ALWAYS_SEARCH_USER_PATHS = NO;
				CLANG_ANALYZER_NONNULL = YES;
				CLANG_ANALYZER_NUMBER_OBJECT_CONVERSION = YES_AGGRESSIVE;
				CLANG_CXX_LANGUAGE_STANDARD = "gnu++14";
				CLANG_CXX_LIBRARY = "libc++";
				CLANG_ENABLE_MODULES = YES;
				CLANG_ENABLE_OBJC_ARC = YES;
				CLANG_ENABLE_OBJC_WEAK = YES;
				CLANG_WARN_BLOCK_CAPTURE_AUTORELEASING = YES;
				CLANG_WARN_BOOL_CONVERSION = YES;
				CLANG_WARN_COMMA = YES;
				CLANG_WARN_CONSTANT_CONVERSION = YES;
				CLANG_WARN_DEPRECATED_OBJC_IMPLEMENTATIONS = YES;
				CLANG_WARN_DIRECT_OBJC_ISA_USAGE = YES_ERROR;
				CLANG_WARN_DOCUMENTATION_COMMENTS = YES;
				CLANG_WARN_EMPTY_BODY = YES;
				CLANG_WARN_ENUM_CONVERSION = YES;
				CLANG_WARN_INFINITE_RECURSION = YES;
				CLANG_WARN_INT_CONVERSION = YES;
				CLANG_WARN_NON_LITERAL_NULL_CONVERSION = YES;
				CLANG_WARN_OBJC_IMPLICIT_RETAIN_SELF = YES;
				CLANG_WARN_OBJC_LITERAL_CONVERSION = YES;
				CLANG_WARN_OBJC_ROOT_CLASS = YES_ERROR;
				CLANG_WARN_RANGE_LOOP_ANALYSIS = YES;
				CLANG_WARN_STRICT_PROTOTYPES = YES;
				CLANG_WARN_SUSPICIOUS_MOVE = YES;
				CLANG_WARN_UNGUARDED_AVAILABILITY = YES_AGGRESSIVE;
				CLANG_WARN_UNREACHABLE_CODE = YES;
				CLANG_WARN__DUPLICATE_METHOD_MATCH = YES;
				CODE_SIGN_IDENTITY = "iPhone Developer";
				COPY_PHASE_STRIP = NO;
				DEBUG_INFORMATION_FORMAT = "dwarf-with-dsym";
				ENABLE_NS_ASSERTIONS = NO;
				ENABLE_STRICT_OBJC_MSGSEND = YES;
				GCC_C_LANGUAGE_STANDARD = gnu11;
				GCC_NO_COMMON_BLOCKS = YES;
				GCC_WARN_64_TO_32_BIT_CONVERSION = YES;
				GCC_WARN_ABOUT_RETURN_TYPE = YES_ERROR;
				GCC_WARN_UNDECLARED_SELECTOR = YES;
				GCC_WARN_UNINITIALIZED_AUTOS = YES_AGGRESSIVE;
				GCC_WARN_UNUSED_FUNCTION = YES;
				GCC_WARN_UNUSED_VARIABLE = YES;
				IPHONEOS_DEPLOYMENT_TARGET = 11.4;
				MTL_ENABLE_DEBUG_INFO = NO;
				SDKROOT = iphoneos;
				SWIFT_COMPILATION_MODE = wholemodule;
				SWIFT_OPTIMIZATION_LEVEL = "-O";
				VALIDATE_PRODUCT = YES;
			};
			name = Release;
		};
		D466C97720FD3AB200068197 /* Debug */ = {
			isa = XCBuildConfiguration;
			baseConfigurationReference = C47302B9B3E5EAD9FBEEA74A /* Pods-PicNotes.debug.xcconfig */;
			buildSettings = {
				ASSETCATALOG_COMPILER_APPICON_NAME = AppIcon;
				CODE_SIGN_STYLE = Automatic;
				DEVELOPMENT_TEAM = 4SUMZ9NG95;
				INFOPLIST_FILE = PicNotes/Info.plist;
				LD_RUNPATH_SEARCH_PATHS = (
					"$(inherited)",
					"@executable_path/Frameworks",
				);
				PRODUCT_BUNDLE_IDENTIFIER = com.Escher.PicNotes;
				PRODUCT_NAME = "$(TARGET_NAME)";
				SWIFT_VERSION = 4.0;
				TARGETED_DEVICE_FAMILY = "1,2";
			};
			name = Debug;
		};
		D466C97820FD3AB200068197 /* Release */ = {
			isa = XCBuildConfiguration;
			baseConfigurationReference = 83E2646A35378D3A756535E1 /* Pods-PicNotes.release.xcconfig */;
			buildSettings = {
				ASSETCATALOG_COMPILER_APPICON_NAME = AppIcon;
				CODE_SIGN_STYLE = Automatic;
				DEVELOPMENT_TEAM = 4SUMZ9NG95;
				INFOPLIST_FILE = PicNotes/Info.plist;
				LD_RUNPATH_SEARCH_PATHS = (
					"$(inherited)",
					"@executable_path/Frameworks",
				);
				PRODUCT_BUNDLE_IDENTIFIER = com.Escher.PicNotes;
				PRODUCT_NAME = "$(TARGET_NAME)";
				SWIFT_VERSION = 4.0;
				TARGETED_DEVICE_FAMILY = "1,2";
			};
			name = Release;
		};
/* End XCBuildConfiguration section */

/* Begin XCConfigurationList section */
		D466C95F20FD3AB100068197 /* Build configuration list for PBXProject "PicNotes" */ = {
			isa = XCConfigurationList;
			buildConfigurations = (
				D466C97420FD3AB200068197 /* Debug */,
				D466C97520FD3AB200068197 /* Release */,
			);
			defaultConfigurationIsVisible = 0;
			defaultConfigurationName = Release;
		};
		D466C97620FD3AB200068197 /* Build configuration list for PBXNativeTarget "PicNotes" */ = {
			isa = XCConfigurationList;
			buildConfigurations = (
				D466C97720FD3AB200068197 /* Debug */,
				D466C97820FD3AB200068197 /* Release */,
			);
			defaultConfigurationIsVisible = 0;
			defaultConfigurationName = Release;
		};
/* End XCConfigurationList section */
	};
	rootObject = D466C95C20FD3AB100068197 /* Project object */;
}
